
Microsoft Visual Studio Solution File, Format Version 12.00
# Visual Studio Version 17
VisualStudioVersion = 17.0.31825.309
MinimumVisualStudioVersion = 10.0.40219.1
Project("{FAE04EC0-301F-11D3-BF4B-00C04F79EFBC}") = "taxee_server", "taxee_server\taxee_server.csproj", "{342513CE-5C51-4E1F-8A80-F4B506937667}"
EndProject
Global
	GlobalSection(SolutionConfigurationPlatforms) = preSolution
		Debug|Any CPU = Debug|Any CPU
		Release|Any CPU = Release|Any CPU
	EndGlobalSection
	GlobalSection(ProjectConfigurationPlatforms) = postSolution
		{342513CE-5C51-4E1F-8A80-F4B506937667}.Debug|Any CPU.ActiveCfg = Debug|Any CPU
		{342513CE-5C51-4E1F-8A80-F4B506937667}.Debug|Any CPU.Build.0 = Debug|Any CPU
		{342513CE-5C51-4E1F-8A80-F4B506937667}.Release|Any CPU.ActiveCfg = Release|Any CPU
		{342513CE-5C51-4E1F-8A80-F4B506937667}.Release|Any CPU.Build.0 = Release|Any CPU
	EndGlobalSection
	GlobalSection(SolutionProperties) = preSolution
		HideSolutionNode = FALSE
	EndGlobalSection
	GlobalSection(ExtensibilityGlobals) = postSolution
		SolutionGuid = {F6F49883-7771-44ED-85EB-4DDB44181977}
	EndGlobalSection
EndGlobal
